
Microsoft Visual Studio Solution File, Format Version 12.00
# Visual Studio 2013
VisualStudioVersion = 12.0.21005.1
MinimumVisualStudioVersion = 10.0.40219.1
Project("{8BC9CEB8-8B4A-11D0-8D11-00A0C91BC942}") = "Laba9_OS", "Laba9_OS\Laba9_OS.vcxproj", "{5D170CFC-3A63-4464-84C7-BD1505C8DB7A}"
EndProject
Project("{8BC9CEB8-8B4A-11D0-8D11-00A0C91BC942}") = "Laba9_OS_(5)Cantine", "Laba9_OS_(5)Cantine\Laba9_OS_(5)Cantine.vcxproj", "{D81BDCB8-384B-4D16-A43B-D98587D45BBF}"
EndProject
Project("{8BC9CEB8-8B4A-11D0-8D11-00A0C91BC942}") = "Consumer", "Consumer\Consumer.vcxproj", "{7B8CC237-8033-4000-A031-58F10547CA6B}"
EndProject
Project("{8BC9CEB8-8B4A-11D0-8D11-00A0C91BC942}") = "Main_Cons_Prod", "Main_Cons_Prod\Main_Cons_Prod.vcxproj", "{6420F189-5B5F-4784-9D31-CC24660EA779}"
EndProject
Project("{8BC9CEB8-8B4A-11D0-8D11-00A0C91BC942}") = "DegubWrite", "DegubWrite\DegubWrite.vcxproj", "{A25851D8-16B7-4970-A857-A4EA388C4534}"
EndProject
Global
	GlobalSection(SolutionConfigurationPlatforms) = preSolution
		Debug|Win32 = Debug|Win32
		Release|Win32 = Release|Win32
	EndGlobalSection
	GlobalSection(ProjectConfigurationPlatforms) = postSolution
		{5D170CFC-3A63-4464-84C7-BD1505C8DB7A}.Debug|Win32.ActiveCfg = Debug|Win32
		{5D170CFC-3A63-4464-84C7-BD1505C8DB7A}.Debug|Win32.Build.0 = Debug|Win32
		{5D170CFC-3A63-4464-84C7-BD1505C8DB7A}.Release|Win32.ActiveCfg = Release|Win32
		{5D170CFC-3A63-4464-84C7-BD1505C8DB7A}.Release|Win32.Build.0 = Release|Win32
		{D81BDCB8-384B-4D16-A43B-D98587D45BBF}.Debug|Win32.ActiveCfg = Debug|Win32
		{D81BDCB8-384B-4D16-A43B-D98587D45BBF}.Debug|Win32.Build.0 = Debug|Win32
		{D81BDCB8-384B-4D16-A43B-D98587D45BBF}.Release|Win32.ActiveCfg = Release|Win32
		{D81BDCB8-384B-4D16-A43B-D98587D45BBF}.Release|Win32.Build.0 = Release|Win32
		{7B8CC237-8033-4000-A031-58F10547CA6B}.Debug|Win32.ActiveCfg = Debug|Win32
		{7B8CC237-8033-4000-A031-58F10547CA6B}.Debug|Win32.Build.0 = Debug|Win32
		{7B8CC237-8033-4000-A031-58F10547CA6B}.Release|Win32.ActiveCfg = Release|Win32
		{7B8CC237-8033-4000-A031-58F10547CA6B}.Release|Win32.Build.0 = Release|Win32
		{6420F189-5B5F-4784-9D31-CC24660EA779}.Debug|Win32.ActiveCfg = Debug|Win32
		{6420F189-5B5F-4784-9D31-CC24660EA779}.Debug|Win32.Build.0 = Debug|Win32
		{6420F189-5B5F-4784-9D31-CC24660EA779}.Release|Win32.ActiveCfg = Release|Win32
		{6420F189-5B5F-4784-9D31-CC24660EA779}.Release|Win32.Build.0 = Release|Win32
		{A25851D8-16B7-4970-A857-A4EA388C4534}.Debug|Win32.ActiveCfg = Debug|Win32
		{A25851D8-16B7-4970-A857-A4EA388C4534}.Debug|Win32.Build.0 = Debug|Win32
		{A25851D8-16B7-4970-A857-A4EA388C4534}.Release|Win32.ActiveCfg = Release|Win32
		{A25851D8-16B7-4970-A857-A4EA388C4534}.Release|Win32.Build.0 = Release|Win32
	EndGlobalSection
	GlobalSection(SolutionProperties) = preSolution
		HideSolutionNode = FALSE
	EndGlobalSection
EndGlobal
