
Microsoft Visual Studio Solution File, Format Version 12.00
# Visual Studio 2013
VisualStudioVersion = 12.0.21005.1
MinimumVisualStudioVersion = 10.0.40219.1
Project("{8BC9CEB8-8B4A-11D0-8D11-00A0C91BC942}") = "Notepad1", "Notepad1\Notepad1.vcxproj", "{A26F163D-8254-4964-AA19-5418FCBB05A5}"
EndProject
Project("{8BC9CEB8-8B4A-11D0-8D11-00A0C91BC942}") = "Find2", "Find2\Find2.vcxproj", "{EA60B73C-90DF-4F60-8E7C-46E89ABEE03A}"
EndProject
Project("{8BC9CEB8-8B4A-11D0-8D11-00A0C91BC942}") = "Main3", "Main3\Main3.vcxproj", "{DA9C9DD2-881C-44CE-BB51-713AE3D82FAD}"
	ProjectSection(ProjectDependencies) = postProject
		{EA60B73C-90DF-4F60-8E7C-46E89ABEE03A} = {EA60B73C-90DF-4F60-8E7C-46E89ABEE03A}
		{A26F163D-8254-4964-AA19-5418FCBB05A5} = {A26F163D-8254-4964-AA19-5418FCBB05A5}
		{2434EB4F-925A-41F7-A051-A54A65037E23} = {2434EB4F-925A-41F7-A051-A54A65037E23}
	EndProjectSection
EndProject
Project("{8BC9CEB8-8B4A-11D0-8D11-00A0C91BC942}") = "Info4", "Info4\Info4.vcxproj", "{2434EB4F-925A-41F7-A051-A54A65037E23}"
EndProject
Global
	GlobalSection(SolutionConfigurationPlatforms) = preSolution
		Debug|Any CPU = Debug|Any CPU
		Debug|Mixed Platforms = Debug|Mixed Platforms
		Debug|Win32 = Debug|Win32
		Release|Any CPU = Release|Any CPU
		Release|Mixed Platforms = Release|Mixed Platforms
		Release|Win32 = Release|Win32
	EndGlobalSection
	GlobalSection(ProjectConfigurationPlatforms) = postSolution
		{A26F163D-8254-4964-AA19-5418FCBB05A5}.Debug|Any CPU.ActiveCfg = Debug|Win32
		{A26F163D-8254-4964-AA19-5418FCBB05A5}.Debug|Mixed Platforms.ActiveCfg = Debug|Win32
		{A26F163D-8254-4964-AA19-5418FCBB05A5}.Debug|Mixed Platforms.Build.0 = Debug|Win32
		{A26F163D-8254-4964-AA19-5418FCBB05A5}.Debug|Win32.ActiveCfg = Debug|Win32
		{A26F163D-8254-4964-AA19-5418FCBB05A5}.Debug|Win32.Build.0 = Debug|Win32
		{A26F163D-8254-4964-AA19-5418FCBB05A5}.Release|Any CPU.ActiveCfg = Release|Win32
		{A26F163D-8254-4964-AA19-5418FCBB05A5}.Release|Mixed Platforms.ActiveCfg = Release|Win32
		{A26F163D-8254-4964-AA19-5418FCBB05A5}.Release|Mixed Platforms.Build.0 = Release|Win32
		{A26F163D-8254-4964-AA19-5418FCBB05A5}.Release|Win32.ActiveCfg = Release|Win32
		{A26F163D-8254-4964-AA19-5418FCBB05A5}.Release|Win32.Build.0 = Release|Win32
		{EA60B73C-90DF-4F60-8E7C-46E89ABEE03A}.Debug|Any CPU.ActiveCfg = Debug|Win32
		{EA60B73C-90DF-4F60-8E7C-46E89ABEE03A}.Debug|Mixed Platforms.ActiveCfg = Debug|Win32
		{EA60B73C-90DF-4F60-8E7C-46E89ABEE03A}.Debug|Mixed Platforms.Build.0 = Debug|Win32
		{EA60B73C-90DF-4F60-8E7C-46E89ABEE03A}.Debug|Win32.ActiveCfg = Debug|Win32
		{EA60B73C-90DF-4F60-8E7C-46E89ABEE03A}.Debug|Win32.Build.0 = Debug|Win32
		{EA60B73C-90DF-4F60-8E7C-46E89ABEE03A}.Release|Any CPU.ActiveCfg = Release|Win32
		{EA60B73C-90DF-4F60-8E7C-46E89ABEE03A}.Release|Mixed Platforms.ActiveCfg = Release|Win32
		{EA60B73C-90DF-4F60-8E7C-46E89ABEE03A}.Release|Mixed Platforms.Build.0 = Release|Win32
		{EA60B73C-90DF-4F60-8E7C-46E89ABEE03A}.Release|Win32.ActiveCfg = Release|Win32
		{EA60B73C-90DF-4F60-8E7C-46E89ABEE03A}.Release|Win32.Build.0 = Release|Win32
		{DA9C9DD2-881C-44CE-BB51-713AE3D82FAD}.Debug|Any CPU.ActiveCfg = Debug|Win32
		{DA9C9DD2-881C-44CE-BB51-713AE3D82FAD}.Debug|Mixed Platforms.ActiveCfg = Debug|Win32
		{DA9C9DD2-881C-44CE-BB51-713AE3D82FAD}.Debug|Mixed Platforms.Build.0 = Debug|Win32
		{DA9C9DD2-881C-44CE-BB51-713AE3D82FAD}.Debug|Win32.ActiveCfg = Debug|Win32
		{DA9C9DD2-881C-44CE-BB51-713AE3D82FAD}.Debug|Win32.Build.0 = Debug|Win32
		{DA9C9DD2-881C-44CE-BB51-713AE3D82FAD}.Release|Any CPU.ActiveCfg = Release|Win32
		{DA9C9DD2-881C-44CE-BB51-713AE3D82FAD}.Release|Mixed Platforms.ActiveCfg = Release|Win32
		{DA9C9DD2-881C-44CE-BB51-713AE3D82FAD}.Release|Mixed Platforms.Build.0 = Release|Win32
		{DA9C9DD2-881C-44CE-BB51-713AE3D82FAD}.Release|Win32.ActiveCfg = Release|Win32
		{DA9C9DD2-881C-44CE-BB51-713AE3D82FAD}.Release|Win32.Build.0 = Release|Win32
		{2434EB4F-925A-41F7-A051-A54A65037E23}.Debug|Any CPU.ActiveCfg = Debug|Win32
		{2434EB4F-925A-41F7-A051-A54A65037E23}.Debug|Mixed Platforms.ActiveCfg = Debug|Win32
		{2434EB4F-925A-41F7-A051-A54A65037E23}.Debug|Mixed Platforms.Build.0 = Debug|Win32
		{2434EB4F-925A-41F7-A051-A54A65037E23}.Debug|Win32.ActiveCfg = Debug|Win32
		{2434EB4F-925A-41F7-A051-A54A65037E23}.Debug|Win32.Build.0 = Debug|Win32
		{2434EB4F-925A-41F7-A051-A54A65037E23}.Release|Any CPU.ActiveCfg = Release|Win32
		{2434EB4F-925A-41F7-A051-A54A65037E23}.Release|Mixed Platforms.ActiveCfg = Release|Win32
		{2434EB4F-925A-41F7-A051-A54A65037E23}.Release|Mixed Platforms.Build.0 = Release|Win32
		{2434EB4F-925A-41F7-A051-A54A65037E23}.Release|Win32.ActiveCfg = Release|Win32
		{2434EB4F-925A-41F7-A051-A54A65037E23}.Release|Win32.Build.0 = Release|Win32
	EndGlobalSection
	GlobalSection(SolutionProperties) = preSolution
		HideSolutionNode = FALSE
	EndGlobalSection
EndGlobal
