
Microsoft Visual Studio Solution File, Format Version 12.00
# Visual Studio 2013
VisualStudioVersion = 12.0.21005.1
MinimumVisualStudioVersion = 10.0.40219.1
Project("{8BC9CEB8-8B4A-11D0-8D11-00A0C91BC942}") = "checkDyn", "checkDyn\checkDyn.vcxproj", "{3D3D2274-1AD8-429B-8266-446DA7BB0479}"
EndProject
Project("{8BC9CEB8-8B4A-11D0-8D11-00A0C91BC942}") = "staticLib", "ConsoleApplication1\ConsoleApplication1.vcxproj", "{BBF67732-7B18-4A07-B321-2BE4BA3345FE}"
EndProject
Project("{8BC9CEB8-8B4A-11D0-8D11-00A0C91BC942}") = "dynamicLib", "ConsoleApplication2\ConsoleApplication2.vcxproj", "{C6D12EF1-AD3F-496E-B3A0-5363ED628D48}"
EndProject
Project("{8BC9CEB8-8B4A-11D0-8D11-00A0C91BC942}") = "CheckStatic", "CheckStatic\CheckStatic.vcxproj", "{8914431F-4018-4CF5-A24D-0546D6D458AA}"
EndProject
Global
	GlobalSection(SolutionConfigurationPlatforms) = preSolution
		Debug|Win32 = Debug|Win32
		Release|Win32 = Release|Win32
	EndGlobalSection
	GlobalSection(ProjectConfigurationPlatforms) = postSolution
		{3D3D2274-1AD8-429B-8266-446DA7BB0479}.Debug|Win32.ActiveCfg = Debug|Win32
		{3D3D2274-1AD8-429B-8266-446DA7BB0479}.Debug|Win32.Build.0 = Debug|Win32
		{3D3D2274-1AD8-429B-8266-446DA7BB0479}.Release|Win32.ActiveCfg = Release|Win32
		{3D3D2274-1AD8-429B-8266-446DA7BB0479}.Release|Win32.Build.0 = Release|Win32
		{BBF67732-7B18-4A07-B321-2BE4BA3345FE}.Debug|Win32.ActiveCfg = Debug|Win32
		{BBF67732-7B18-4A07-B321-2BE4BA3345FE}.Debug|Win32.Build.0 = Debug|Win32
		{BBF67732-7B18-4A07-B321-2BE4BA3345FE}.Release|Win32.ActiveCfg = Release|Win32
		{BBF67732-7B18-4A07-B321-2BE4BA3345FE}.Release|Win32.Build.0 = Release|Win32
		{C6D12EF1-AD3F-496E-B3A0-5363ED628D48}.Debug|Win32.ActiveCfg = Debug|Win32
		{C6D12EF1-AD3F-496E-B3A0-5363ED628D48}.Debug|Win32.Build.0 = Debug|Win32
		{C6D12EF1-AD3F-496E-B3A0-5363ED628D48}.Release|Win32.ActiveCfg = Release|Win32
		{C6D12EF1-AD3F-496E-B3A0-5363ED628D48}.Release|Win32.Build.0 = Release|Win32
		{8914431F-4018-4CF5-A24D-0546D6D458AA}.Debug|Win32.ActiveCfg = Debug|Win32
		{8914431F-4018-4CF5-A24D-0546D6D458AA}.Debug|Win32.Build.0 = Debug|Win32
		{8914431F-4018-4CF5-A24D-0546D6D458AA}.Release|Win32.ActiveCfg = Release|Win32
		{8914431F-4018-4CF5-A24D-0546D6D458AA}.Release|Win32.Build.0 = Release|Win32
	EndGlobalSection
	GlobalSection(SolutionProperties) = preSolution
		HideSolutionNode = FALSE
	EndGlobalSection
EndGlobal
